
Microsoft Visual Studio Solution File, Format Version 12.00
# Visual Studio Version 17
VisualStudioVersion = 17.2.32630.192
MinimumVisualStudioVersion = 10.0.40219.1
Project("{FAE04EC0-301F-11D3-BF4B-00C04F79EFBC}") = "Chess", "Chess.csproj", "{BA22AB8C-1C4C-4F63-BD6F-DEF916289D75}"
EndProject
Global
	GlobalSection(SolutionConfigurationPlatforms) = preSolution
		Debug|Any CPU = Debug|Any CPU
		Release|Any CPU = Release|Any CPU
	EndGlobalSection
	GlobalSection(ProjectConfigurationPlatforms) = postSolution
		{BA22AB8C-1C4C-4F63-BD6F-DEF916289D75}.Debug|Any CPU.ActiveCfg = Debug|Any CPU
		{BA22AB8C-1C4C-4F63-BD6F-DEF916289D75}.Debug|Any CPU.Build.0 = Debug|Any CPU
		{BA22AB8C-1C4C-4F63-BD6F-DEF916289D75}.Release|Any CPU.ActiveCfg = Release|Any CPU
		{BA22AB8C-1C4C-4F63-BD6F-DEF916289D75}.Release|Any CPU.Build.0 = Release|Any CPU
	EndGlobalSection
	GlobalSection(SolutionProperties) = preSolution
		HideSolutionNode = FALSE
	EndGlobalSection
	GlobalSection(ExtensibilityGlobals) = postSolution
		SolutionGuid = {F3AAF403-A60E-40FF-BE92-2E183A1C3C1A}
	EndGlobalSection
EndGlobal
